
Microsoft Visual Studio Solution File, Format Version 12.00
# Visual Studio Version 17
VisualStudioVersion = 17.10.35013.160
MinimumVisualStudioVersion = 10.0.40219.1
Project("{FAE04EC0-301F-11D3-BF4B-00C04F79EFBC}") = "Equity Data Processing and Analysis", "Equity Data Processing and Analysis.csproj", "{9C41BAE5-AAA5-4F12-B27F-1E7448028C1D}"
EndProject
Global
	GlobalSection(SolutionConfigurationPlatforms) = preSolution
		Debug|Any CPU = Debug|Any CPU
		Release|Any CPU = Release|Any CPU
	EndGlobalSection
	GlobalSection(ProjectConfigurationPlatforms) = postSolution
		{9C41BAE5-AAA5-4F12-B27F-1E7448028C1D}.Debug|Any CPU.ActiveCfg = Debug|Any CPU
		{9C41BAE5-AAA5-4F12-B27F-1E7448028C1D}.Debug|Any CPU.Build.0 = Debug|Any CPU
		{9C41BAE5-AAA5-4F12-B27F-1E7448028C1D}.Release|Any CPU.ActiveCfg = Release|Any CPU
		{9C41BAE5-AAA5-4F12-B27F-1E7448028C1D}.Release|Any CPU.Build.0 = Release|Any CPU
	EndGlobalSection
	GlobalSection(SolutionProperties) = preSolution
		HideSolutionNode = FALSE
	EndGlobalSection
	GlobalSection(ExtensibilityGlobals) = postSolution
		SolutionGuid = {0E6165E7-7B64-44BB-B949-624B29DAEDED}
	EndGlobalSection
EndGlobal
